Microsoft Visual Studio Solution File, Format Version 12.00
# Visual Studio Version 17
VisualStudioVersion = 17.7.34031.279
MinimumVisualStudioVersion = 10.0.40219.1
Global
    GlobalSection(SolutionConfigurationPlatforms) = preSolution
        Debug|x64 = Debug|x64
        Debug|x86 = Debug|x86
        Release|x64 = Release|x64
        Release|x86 = Release|x86
    EndGlobalSection
    GlobalSection(ProjectConfigurationPlatforms) = postSolution

    EndGlobalSection
    GlobalSection(SolutionProperties) = preSolution
        HideSolutionNode = FALSE
    EndGlobalSection
    GlobalSection(ExtensibilityGlobals) = postSolution
        SolutionGuid = {b68cd76b-8dbc-4e29-8c13-d18ed93bb8b1}
    EndGlobalSection
EndGlobal
Project("{8BC9CEB8-8B4A-11D0-8D11-00A0C91BC942}") = "1. Bai001", "1. Bai001\1. Bai001.vcxproj", "{d1fab109-5614-4a90-a5f5-bd10a190e832}"
EndProject
Project("{8BC9CEB8-8B4A-11D0-8D11-00A0C91BC942}") = "1. Bai002", "1. Bai002\1. Bai002.vcxproj", "{777e3d6c-e5b6-468b-b905-9ecfdeca88eb}"
EndProject
Project("{8BC9CEB8-8B4A-11D0-8D11-00A0C91BC942}") = "1. Bai003", "1. Bai003\1. Bai003.vcxproj", "{a945a455-5ec5-4ea1-84ca-c52578058b88}"
EndProject
Project("{8BC9CEB8-8B4A-11D0-8D11-00A0C91BC942}") = "1. Bai004", "1. Bai004\1. Bai004.vcxproj", "{c53499eb-e16a-4dbc-899b-825597f129e5}"
EndProject
Project("{8BC9CEB8-8B4A-11D0-8D11-00A0C91BC942}") = "1. Bai005", "1. Bai005\1. Bai005.vcxproj", "{d2ba9aef-179c-4ea9-b53e-3f129bc3a282}"
EndProject
Project("{8BC9CEB8-8B4A-11D0-8D11-00A0C91BC942}") = "1. Bai006", "1. Bai006\1. Bai006.vcxproj", "{a4377908-ec16-4ea6-9816-2befb3f2b928}"
EndProject
Project("{8BC9CEB8-8B4A-11D0-8D11-00A0C91BC942}") = "1. Bai007", "1. Bai007\1. Bai007.vcxproj", "{a7337296-9ffb-4892-a9be-de1da9681cb2}"
EndProject
Project("{8BC9CEB8-8B4A-11D0-8D11-00A0C91BC942}") = "1. Bai008", "1. Bai008\1. Bai008.vcxproj", "{dc7fb69f-78fa-4d47-9e6b-177a397ed7df}"
EndProject
Project("{8BC9CEB8-8B4A-11D0-8D11-00A0C91BC942}") = "1. Bai009", "1. Bai009\1. Bai009.vcxproj", "{5f0cc6c0-b31a-4095-ae35-0cd34f9b604d}"
EndProject
Project("{8BC9CEB8-8B4A-11D0-8D11-00A0C91BC942}") = "1. Bai010", "1. Bai010\1. Bai010.vcxproj", "{28f4ab11-1f06-4c16-8300-cf3d37af9e86}"
EndProject
Project("{8BC9CEB8-8B4A-11D0-8D11-00A0C91BC942}") = "1. Bai011", "1. Bai011\1. Bai011.vcxproj", "{616a92be-3439-49a4-9e09-36fae662e401}"
EndProject
Project("{8BC9CEB8-8B4A-11D0-8D11-00A0C91BC942}") = "1. Bai012", "1. Bai012\1. Bai012.vcxproj", "{bba35a05-ebd8-4960-8804-bfe0e410660a}"
EndProject
Project("{8BC9CEB8-8B4A-11D0-8D11-00A0C91BC942}") = "1. Bai013", "1. Bai013\1. Bai013.vcxproj", "{895e2493-3906-45b7-b90f-8a01f4ee15a7}"
EndProject
Project("{8BC9CEB8-8B4A-11D0-8D11-00A0C91BC942}") = "1. Bai014", "1. Bai014\1. Bai014.vcxproj", "{f46836fd-d5b3-4af7-b522-2758fbcdf3c2}"
EndProject
Project("{8BC9CEB8-8B4A-11D0-8D11-00A0C91BC942}") = "1. Bai015", "1. Bai015\1. Bai015.vcxproj", "{c54bf08e-070c-40c1-93db-221d4cdc7a3d}"
EndProject
Project("{8BC9CEB8-8B4A-11D0-8D11-00A0C91BC942}") = "1. Bai016", "1. Bai016\1. Bai016.vcxproj", "{3416fa40-aee7-4853-bb8e-411437b7db0b}"
EndProject
Project("{8BC9CEB8-8B4A-11D0-8D11-00A0C91BC942}") = "1. Bai017", "1. Bai017\1. Bai017.vcxproj", "{753586aa-547c-4fba-92a7-659e4995179d}"
EndProject
Project("{8BC9CEB8-8B4A-11D0-8D11-00A0C91BC942}") = "1. Bai018", "1. Bai018\1. Bai018.vcxproj", "{1f65d3e3-694a-4f10-96ce-86363bc821ae}"
EndProject
Project("{8BC9CEB8-8B4A-11D0-8D11-00A0C91BC942}") = "1. Bai019", "1. Bai019\1. Bai019.vcxproj", "{4282aab2-165a-4a2f-a82c-0bbbb468c39d}"
EndProject
Project("{8BC9CEB8-8B4A-11D0-8D11-00A0C91BC942}") = "2. Bai001", "2. Bai001\2. Bai001.vcxproj", "{12d7b7e8-d764-4be0-a5d6-732f943b8f6b}"
EndProject
Project("{8BC9CEB8-8B4A-11D0-8D11-00A0C91BC942}") = "2. Bai002", "2. Bai002\2. Bai002.vcxproj", "{db17c0c5-e3af-4fb9-a97c-1b26186e6fed}"
EndProject
Project("{8BC9CEB8-8B4A-11D0-8D11-00A0C91BC942}") = "2. Bai003", "2. Bai003\2. Bai003.vcxproj", "{a984c7c2-4544-4985-a34c-f3e7fcf71f9e}"
EndProject
Project("{8BC9CEB8-8B4A-11D0-8D11-00A0C91BC942}") = "2. Bai004", "2. Bai004\2. Bai004.vcxproj", "{82a36a65-c688-4927-81bf-9c7e5dd81bef}"
EndProject
Project("{8BC9CEB8-8B4A-11D0-8D11-00A0C91BC942}") = "2. Bai005", "2. Bai005\2. Bai005.vcxproj", "{f079b9b5-6826-485c-994c-4c16d50eb7e4}"
EndProject
Project("{8BC9CEB8-8B4A-11D0-8D11-00A0C91BC942}") = "2. Bai006", "2. Bai006\2. Bai006.vcxproj", "{6e95d4cf-56cc-4ee1-b0c4-a7cad50bf9fa}"
EndProject
Project("{8BC9CEB8-8B4A-11D0-8D11-00A0C91BC942}") = "2. Bai007", "2. Bai007\2. Bai007.vcxproj", "{7df19b82-f126-434f-a586-0fb4860f78ed}"
EndProject
Project("{8BC9CEB8-8B4A-11D0-8D11-00A0C91BC942}") = "2. Bai008", "2. Bai008\2. Bai008.vcxproj", "{8e598cb2-da1f-495c-9dab-5d0d77213e34}"
EndProject
Project("{8BC9CEB8-8B4A-11D0-8D11-00A0C91BC942}") = "2. Bai009", "2. Bai009\2. Bai009.vcxproj", "{043ea56e-97ae-4f98-ae42-d0053226b090}"
EndProject
Project("{8BC9CEB8-8B4A-11D0-8D11-00A0C91BC942}") = "2. Bai010", "2. Bai010\2. Bai010.vcxproj", "{1cbb893f-a034-4f3e-90d3-f88f1ab5988c}"
EndProject
Project("{8BC9CEB8-8B4A-11D0-8D11-00A0C91BC942}") = "2. Bai011", "2. Bai011\2. Bai011.vcxproj", "{e054ec63-305a-4361-b7b2-33c057ff9ea4}"
EndProject
Project("{8BC9CEB8-8B4A-11D0-8D11-00A0C91BC942}") = "2. Bai012", "2. Bai012\2. Bai012.vcxproj", "{21886433-b29c-451c-82ce-700280b38eec}"
EndProject
Project("{8BC9CEB8-8B4A-11D0-8D11-00A0C91BC942}") = "2. Bai013", "2. Bai013\2. Bai013.vcxproj", "{7f05ca83-464b-45a9-ba9c-128906308896}"
EndProject
Project("{8BC9CEB8-8B4A-11D0-8D11-00A0C91BC942}") = "2. Bai014", "2. Bai014\2. Bai014.vcxproj", "{290ec1b8-ba0d-4566-8b9a-3d9e9aa07b76}"
EndProject
Project("{8BC9CEB8-8B4A-11D0-8D11-00A0C91BC942}") = "2. Bai015", "2. Bai015\2. Bai015.vcxproj", "{4d9f0926-c943-4859-a937-390ae48fa5c5}"
EndProject
Project("{8BC9CEB8-8B4A-11D0-8D11-00A0C91BC942}") = "2. Bai016", "2. Bai016\2. Bai016.vcxproj", "{02fae439-0144-476a-9d87-6b772eaf8e4d}"
EndProject
Project("{8BC9CEB8-8B4A-11D0-8D11-00A0C91BC942}") = "2. Bai017", "2. Bai017\2. Bai017.vcxproj", "{af4bcd37-b9c9-4359-bf85-442e5199c611}"
EndProject
Project("{8BC9CEB8-8B4A-11D0-8D11-00A0C91BC942}") = "2. Bai018", "2. Bai018\2. Bai018.vcxproj", "{949aefaa-0c20-41c0-a662-c78df8ee9227}"
EndProject
Project("{8BC9CEB8-8B4A-11D0-8D11-00A0C91BC942}") = "2. Bai019", "2. Bai019\2. Bai019.vcxproj", "{57ed35dc-89f7-4fc2-946b-121f41283ed3}"
EndProject
Project("{8BC9CEB8-8B4A-11D0-8D11-00A0C91BC942}") = "2. Bai020", "2. Bai020\2. Bai020.vcxproj", "{a7f9bd55-b68a-43d3-bd37-dd21711f21c9}"
EndProject
Project("{8BC9CEB8-8B4A-11D0-8D11-00A0C91BC942}") = "2. Bai021", "2. Bai021\2. Bai021.vcxproj", "{9f2dac3d-083a-4314-b6b2-75215efe3fe9}"
EndProject
Project("{8BC9CEB8-8B4A-11D0-8D11-00A0C91BC942}") = "2. Bai022", "2. Bai022\2. Bai022.vcxproj", "{62ecab76-d9a0-4b94-91d5-3c31914c2eac}"
EndProject
Project("{8BC9CEB8-8B4A-11D0-8D11-00A0C91BC942}") = "2. Bai023", "2. Bai023\2. Bai023.vcxproj", "{363168a8-b552-4c64-8a6f-9ab3d31f66af}"
EndProject
Project("{8BC9CEB8-8B4A-11D0-8D11-00A0C91BC942}") = "2. Bai024", "2. Bai024\2. Bai024.vcxproj", "{50042726-ac47-4e1c-a6ac-e4d1db820085}"
EndProject
Project("{8BC9CEB8-8B4A-11D0-8D11-00A0C91BC942}") = "2. Bai025", "2. Bai025\2. Bai025.vcxproj", "{6347cb54-1365-41c3-a260-96e167ed14a3}"
EndProject
Project("{8BC9CEB8-8B4A-11D0-8D11-00A0C91BC942}") = "2. Bai026", "2. Bai026\2. Bai026.vcxproj", "{4c1dde21-76ed-496e-ad69-0fdefe43e352}"
EndProject
Project("{8BC9CEB8-8B4A-11D0-8D11-00A0C91BC942}") = "2. Bai027", "2. Bai027\2. Bai027.vcxproj", "{5486c39e-1c83-4ccd-a4e0-70d02a367059}"
EndProject
Project("{8BC9CEB8-8B4A-11D0-8D11-00A0C91BC942}") = "2. Bai028", "2. Bai028\2. Bai028.vcxproj", "{a82b90dd-a12a-482e-8199-8314866475bc}"
EndProject
Project("{8BC9CEB8-8B4A-11D0-8D11-00A0C91BC942}") = "2. Bai029", "2. Bai029\2. Bai029.vcxproj", "{26eb8b35-e08e-44c8-9b9c-376e1931ac3b}"
EndProject
Project("{8BC9CEB8-8B4A-11D0-8D11-00A0C91BC942}") = "2. Bai030", "2. Bai030\2. Bai030.vcxproj", "{79304262-ffd9-4906-a049-97b9cd1bc36b}"
EndProject
Project("{8BC9CEB8-8B4A-11D0-8D11-00A0C91BC942}") = "2. Bai031", "2. Bai031\2. Bai031.vcxproj", "{27b3cfa8-3987-434a-be84-eb818174d122}"
EndProject
Project("{8BC9CEB8-8B4A-11D0-8D11-00A0C91BC942}") = "2. Bai032", "2. Bai032\2. Bai032.vcxproj", "{f3dffc11-813b-4322-a235-4c5180c8ab95}"
EndProject
Project("{8BC9CEB8-8B4A-11D0-8D11-00A0C91BC942}") = "2. Bai033", "2. Bai033\2. Bai033.vcxproj", "{e77781dd-ef4f-4c36-b255-0204cbbce6d1}"
EndProject
Project("{8BC9CEB8-8B4A-11D0-8D11-00A0C91BC942}") = "2. Bai034", "2. Bai034\2. Bai034.vcxproj", "{54d901ce-e6ed-4b11-b397-c993a85a59b8}"
EndProject
Project("{8BC9CEB8-8B4A-11D0-8D11-00A0C91BC942}") = "2. Bai035", "2. Bai035\2. Bai035.vcxproj", "{fe1edbda-527f-4162-8ae4-c37f04823966}"
EndProject
Project("{8BC9CEB8-8B4A-11D0-8D11-00A0C91BC942}") = "2. Bai036", "2. Bai036\2. Bai036.vcxproj", "{af908f19-8622-4310-8909-9faf4b51d8f0}"
EndProject
Project("{8BC9CEB8-8B4A-11D0-8D11-00A0C91BC942}") = "2. Bai037", "2. Bai037\2. Bai037.vcxproj", "{9e20155d-81ec-42b1-bf0b-36319d947f61}"
EndProject
Project("{8BC9CEB8-8B4A-11D0-8D11-00A0C91BC942}") = "2. Bai038", "2. Bai038\2. Bai038.vcxproj", "{411adcf0-a4b2-413c-ab74-67c7eda8c383}"
EndProject
Project("{8BC9CEB8-8B4A-11D0-8D11-00A0C91BC942}") = "2. Bai039", "2. Bai039\2. Bai039.vcxproj", "{60128bf0-e9a1-49d8-8bcf-b0951930a800}"
EndProject
Project("{8BC9CEB8-8B4A-11D0-8D11-00A0C91BC942}") = "2. Bai040", "2. Bai040\2. Bai040.vcxproj", "{12b9f351-7a1c-47d0-b475-db52d2f3760d}"
EndProject
Project("{8BC9CEB8-8B4A-11D0-8D11-00A0C91BC942}") = "2. Bai041", "2. Bai041\2. Bai041.vcxproj", "{9f9a33a1-f4e9-48d8-baf4-39932d7e1381}"
EndProject
Project("{8BC9CEB8-8B4A-11D0-8D11-00A0C91BC942}") = "2. Bai042", "2. Bai042\2. Bai042.vcxproj", "{0bacb833-e211-4b03-be5c-666b48585595}"
EndProject
Project("{8BC9CEB8-8B4A-11D0-8D11-00A0C91BC942}") = "2. Bai043", "2. Bai043\2. Bai043.vcxproj", "{f8681832-41ed-4b99-8424-c87347e4ae55}"
EndProject
Project("{8BC9CEB8-8B4A-11D0-8D11-00A0C91BC942}") = "2. Bai044", "2. Bai044\2. Bai044.vcxproj", "{8621647e-1f5d-4463-9296-59d937a422ea}"
EndProject
Project("{8BC9CEB8-8B4A-11D0-8D11-00A0C91BC942}") = "2. Bai045", "2. Bai045\2. Bai045.vcxproj", "{5979eb48-697e-42ce-88b1-28efa3563cf2}"
EndProject
Project("{8BC9CEB8-8B4A-11D0-8D11-00A0C91BC942}") = "2. Bai046", "2. Bai046\2. Bai046.vcxproj", "{abbc55fc-7c35-419d-a0f7-3047e0ef40bf}"
EndProject
Project("{8BC9CEB8-8B4A-11D0-8D11-00A0C91BC942}") = "2. Bai047", "2. Bai047\2. Bai047.vcxproj", "{97a500fc-454d-4bc0-b884-3963b6f3a2cc}"
EndProject
Project("{8BC9CEB8-8B4A-11D0-8D11-00A0C91BC942}") = "2. Bai048", "2. Bai048\2. Bai048.vcxproj", "{28d93c32-d14a-4801-9f12-d77e6382ed56}"
EndProject
Project("{8BC9CEB8-8B4A-11D0-8D11-00A0C91BC942}") = "2. Bai049", "2. Bai049\2. Bai049.vcxproj", "{07678d09-b08a-408c-bfca-6b6ba9d035db}"
EndProject
Project("{8BC9CEB8-8B4A-11D0-8D11-00A0C91BC942}") = "2. Bai050", "2. Bai050\2. Bai050.vcxproj", "{581af667-52b8-4399-a8ce-cd7d11c3d972}"
EndProject
Project("{8BC9CEB8-8B4A-11D0-8D11-00A0C91BC942}") = "2. Bai051", "2. Bai051\2. Bai051.vcxproj", "{d883f9d5-0f8e-4dfd-adea-c018ff31379e}"
EndProject
Project("{8BC9CEB8-8B4A-11D0-8D11-00A0C91BC942}") = "2. Bai052", "2. Bai052\2. Bai052.vcxproj", "{f929ae48-0ca3-4e45-89c2-ca3cd21bc40b}"
EndProject
Project("{8BC9CEB8-8B4A-11D0-8D11-00A0C91BC942}") = "2. Bai053", "2. Bai053\2. Bai053.vcxproj", "{85f5b369-a46d-4915-9332-a8ebc3ca6372}"
EndProject
Project("{8BC9CEB8-8B4A-11D0-8D11-00A0C91BC942}") = "2. Bai054", "2. Bai054\2. Bai054.vcxproj", "{d778a95e-1f6b-48bc-ac97-7fe66140d9ed}"
EndProject
Project("{8BC9CEB8-8B4A-11D0-8D11-00A0C91BC942}") = "2. Bai055", "2. Bai055\2. Bai055.vcxproj", "{5d0363e1-2a9b-4fed-812e-3ab3109fa29e}"
EndProject
Project("{8BC9CEB8-8B4A-11D0-8D11-00A0C91BC942}") = "2. Bai056", "2. Bai056\2. Bai056.vcxproj", "{71c61d28-6a78-465c-aed5-3262909d6bf8}"
EndProject
Project("{8BC9CEB8-8B4A-11D0-8D11-00A0C91BC942}") = "2. Bai057", "2. Bai057\2. Bai057.vcxproj", "{9cd1d99d-dfe2-4ed5-8765-8f7d4c9fda96}"
EndProject
Project("{8BC9CEB8-8B4A-11D0-8D11-00A0C91BC942}") = "2. Bai058", "2. Bai058\2. Bai058.vcxproj", "{e822503b-8a0a-44c2-b452-68f43f0e40ad}"
EndProject
Project("{8BC9CEB8-8B4A-11D0-8D11-00A0C91BC942}") = "2. Bai059", "2. Bai059\2. Bai059.vcxproj", "{283810f9-e797-4ef6-b648-d698ea623966}"
EndProject
Project("{8BC9CEB8-8B4A-11D0-8D11-00A0C91BC942}") = "2. Bai060", "2. Bai060\2. Bai060.vcxproj", "{b1c4bd65-b7f1-4b36-927a-a40feb2d0cf6}"
EndProject
Project("{8BC9CEB8-8B4A-11D0-8D11-00A0C91BC942}") = "2. Bai061", "2. Bai061\2. Bai061.vcxproj", "{f39afb5b-300d-4fc9-bdb3-d9a13327264e}"
EndProject
Project("{8BC9CEB8-8B4A-11D0-8D11-00A0C91BC942}") = "2. Bai062", "2. Bai062\2. Bai062.vcxproj", "{c11ab084-8737-4289-aca0-6e3baf893b17}"
EndProject
Project("{8BC9CEB8-8B4A-11D0-8D11-00A0C91BC942}") = "2. Bai063", "2. Bai063\2. Bai063.vcxproj", "{57218b4b-8301-4ac3-be29-a6f08e21b6b3}"
EndProject
Project("{8BC9CEB8-8B4A-11D0-8D11-00A0C91BC942}") = "2. Bai064", "2. Bai064\2. Bai064.vcxproj", "{7b2f4a5d-d1f1-4252-bb4c-ba54781af0b1}"
EndProject
Project("{8BC9CEB8-8B4A-11D0-8D11-00A0C91BC942}") = "2. Bai065", "2. Bai065\2. Bai065.vcxproj", "{dc220ad7-ea19-45cf-88bd-691fe5505029}"
EndProject
Project("{8BC9CEB8-8B4A-11D0-8D11-00A0C91BC942}") = "2. Bai066", "2. Bai066\2. Bai066.vcxproj", "{48973651-4c58-454d-ab3c-5f60ca6d4150}"
EndProject
Project("{8BC9CEB8-8B4A-11D0-8D11-00A0C91BC942}") = "2. Bai067", "2. Bai067\2. Bai067.vcxproj", "{f4a0e9b6-f414-47ee-ab0e-4901e0df2b6d}"
EndProject
Project("{8BC9CEB8-8B4A-11D0-8D11-00A0C91BC942}") = "2. Bai068", "2. Bai068\2. Bai068.vcxproj", "{c00a347c-a924-451a-b378-25e0100fbd23}"
EndProject
Project("{8BC9CEB8-8B4A-11D0-8D11-00A0C91BC942}") = "2. Bai069", "2. Bai069\2. Bai069.vcxproj", "{a4be1624-2294-4de0-b13e-33b89a5cf0ca}"
EndProject
Project("{8BC9CEB8-8B4A-11D0-8D11-00A0C91BC942}") = "2. Bai070", "2. Bai070\2. Bai070.vcxproj", "{b0c196f9-064d-4d21-b892-639e1d74673f}"
EndProject
Project("{8BC9CEB8-8B4A-11D0-8D11-00A0C91BC942}") = "2. Bai071", "2. Bai071\2. Bai071.vcxproj", "{c59b6b36-4ec3-4482-9aff-c7f1205b7c5d}"
EndProject
Project("{8BC9CEB8-8B4A-11D0-8D11-00A0C91BC942}") = "2. Bai072", "2. Bai072\2. Bai072.vcxproj", "{b5fe6052-c8dd-4072-9806-facd8a462824}"
EndProject
Project("{8BC9CEB8-8B4A-11D0-8D11-00A0C91BC942}") = "2. Bai073", "2. Bai073\2. Bai073.vcxproj", "{6191731d-ae36-44aa-a250-bbcb7b9b0a49}"
EndProject
Project("{8BC9CEB8-8B4A-11D0-8D11-00A0C91BC942}") = "2. Bai074", "2. Bai074\2. Bai074.vcxproj", "{0d1dfc20-43a7-4a0b-a2e2-7a4525202c29}"
EndProject
Project("{8BC9CEB8-8B4A-11D0-8D11-00A0C91BC942}") = "2. Bai075", "2. Bai075\2. Bai075.vcxproj", "{9999d770-f885-4557-a8a5-a6c5af39b7da}"
EndProject
Project("{8BC9CEB8-8B4A-11D0-8D11-00A0C91BC942}") = "2. Bai076", "2. Bai076\2. Bai076.vcxproj", "{6cb3b119-1f78-4825-81f3-7a0750a5e7c1}"
EndProject
Project("{8BC9CEB8-8B4A-11D0-8D11-00A0C91BC942}") = "2. Bai077", "2. Bai077\2. Bai077.vcxproj", "{70d5ceae-ea97-4eec-9ef5-b6a083595d49}"
EndProject
Project("{8BC9CEB8-8B4A-11D0-8D11-00A0C91BC942}") = "2. Bai078", "2. Bai078\2. Bai078.vcxproj", "{4ec85ac3-a5bd-4a4d-8908-26a3f95cd89a}"
EndProject
Project("{8BC9CEB8-8B4A-11D0-8D11-00A0C91BC942}") = "2. Bai079", "2. Bai079\2. Bai079.vcxproj", "{47f97d85-d321-4105-87e1-cfeb2fce2c90}"
EndProject
Project("{8BC9CEB8-8B4A-11D0-8D11-00A0C91BC942}") = "2. Bai080", "2. Bai080\2. Bai080.vcxproj", "{a3ec41c1-78c2-4d7c-bd63-bc8ca10ecd07}"
EndProject
Project("{8BC9CEB8-8B4A-11D0-8D11-00A0C91BC942}") = "2. Bai081", "2. Bai081\2. Bai081.vcxproj", "{82888ab0-f9b5-4dcb-95d7-c9caf573a007}"
EndProject
Project("{8BC9CEB8-8B4A-11D0-8D11-00A0C91BC942}") = "2. Bai082", "2. Bai082\2. Bai082.vcxproj", "{911caf31-c502-4c67-b4a3-6587fc983a87}"
EndProject
Project("{8BC9CEB8-8B4A-11D0-8D11-00A0C91BC942}") = "2. Bai083", "2. Bai083\2. Bai083.vcxproj", "{f399241b-6913-4710-a6a2-ac843340b43a}"
EndProject
Project("{8BC9CEB8-8B4A-11D0-8D11-00A0C91BC942}") = "2. Bai084", "2. Bai084\2. Bai084.vcxproj", "{1d00516b-2147-4c2c-b300-d69bb9e5ed60}"
EndProject
Project("{8BC9CEB8-8B4A-11D0-8D11-00A0C91BC942}") = "2. Bai085", "2. Bai085\2. Bai085.vcxproj", "{cf672c80-2552-47e6-9844-655d86279b5e}"
EndProject
Project("{8BC9CEB8-8B4A-11D0-8D11-00A0C91BC942}") = "2. Bai086", "2. Bai086\2. Bai086.vcxproj", "{8dc5fd79-2974-42ab-b542-f1aa14f5a217}"
EndProject
Project("{8BC9CEB8-8B4A-11D0-8D11-00A0C91BC942}") = "2. Bai087", "2. Bai087\2. Bai087.vcxproj", "{c9a27ee6-848d-445b-a541-f058a94b865a}"
EndProject
Project("{8BC9CEB8-8B4A-11D0-8D11-00A0C91BC942}") = "2. Bai088", "2. Bai088\2. Bai088.vcxproj", "{d434bb5f-1acd-4e42-8f2b-290c01c5110f}"
EndProject
Project("{8BC9CEB8-8B4A-11D0-8D11-00A0C91BC942}") = "2. Bai089", "2. Bai089\2. Bai089.vcxproj", "{e5cc86bf-787b-4fe4-a1f9-de976f24e1a5}"
EndProject
Project("{8BC9CEB8-8B4A-11D0-8D11-00A0C91BC942}") = "2. Bai090", "2. Bai090\2. Bai090.vcxproj", "{065cf5ee-0b8f-41cc-ab74-ca9fc5056586}"
EndProject
Project("{8BC9CEB8-8B4A-11D0-8D11-00A0C91BC942}") = "2. Bai091", "2. Bai091\2. Bai091.vcxproj", "{77ab5031-3746-4b96-abde-a121e96f68a2}"
EndProject
Project("{8BC9CEB8-8B4A-11D0-8D11-00A0C91BC942}") = "2. Bai092", "2. Bai092\2. Bai092.vcxproj", "{5cbf4529-9d8e-492c-9e81-3d972b4054d7}"
EndProject
Project("{8BC9CEB8-8B4A-11D0-8D11-00A0C91BC942}") = "2. Bai093", "2. Bai093\2. Bai093.vcxproj", "{b3ea7aff-ebba-4ce8-9771-3bfed467a659}"
EndProject
Project("{8BC9CEB8-8B4A-11D0-8D11-00A0C91BC942}") = "2. Bai094", "2. Bai094\2. Bai094.vcxproj", "{9dbb87c4-8836-4471-94c8-3fc4f2a43169}"
EndProject
Project("{8BC9CEB8-8B4A-11D0-8D11-00A0C91BC942}") = "2. Bai095", "2. Bai095\2. Bai095.vcxproj", "{d048bd3b-88db-4365-ad1d-0f3aff1da463}"
EndProject
Project("{8BC9CEB8-8B4A-11D0-8D11-00A0C91BC942}") = "2. Bai096", "2. Bai096\2. Bai096.vcxproj", "{91aadc6e-953b-4e29-a935-96628227c502}"
EndProject
Project("{8BC9CEB8-8B4A-11D0-8D11-00A0C91BC942}") = "2. Bai097", "2. Bai097\2. Bai097.vcxproj", "{d73a2146-2c8c-46b3-9ec4-8ca97cbe3d32}"
EndProject
Project("{8BC9CEB8-8B4A-11D0-8D11-00A0C91BC942}") = "2. Bai098", "2. Bai098\2. Bai098.vcxproj", "{dce0dcd8-9299-445b-8723-3a27f48bdaf1}"
EndProject
Project("{8BC9CEB8-8B4A-11D0-8D11-00A0C91BC942}") = "2. Bai099", "2. Bai099\2. Bai099.vcxproj", "{e61f7462-f38c-4995-bff8-3754b59ceea0}"
EndProject
Project("{8BC9CEB8-8B4A-11D0-8D11-00A0C91BC942}") = "2. Bai100", "2. Bai100\2. Bai100.vcxproj", "{482854ff-f072-498b-9a28-f2fb24198631}"
EndProject
Project("{8BC9CEB8-8B4A-11D0-8D11-00A0C91BC942}") = "2. Bai101", "2. Bai101\2. Bai101.vcxproj", "{a3232551-fe4f-4fbf-a4d8-3140ba910666}"
EndProject
Project("{8BC9CEB8-8B4A-11D0-8D11-00A0C91BC942}") = "2. Bai102", "2. Bai102\2. Bai102.vcxproj", "{cc737810-7c5b-4473-a968-61253f51c9aa}"
EndProject
Project("{8BC9CEB8-8B4A-11D0-8D11-00A0C91BC942}") = "2. Bai103", "2. Bai103\2. Bai103.vcxproj", "{fdf33f17-4e2a-42a9-8184-feefec9526fb}"
EndProject
Project("{8BC9CEB8-8B4A-11D0-8D11-00A0C91BC942}") = "2. Bai104", "2. Bai104\2. Bai104.vcxproj", "{f716a690-4b9b-4ce7-9e33-91e354e28045}"
EndProject
Project("{8BC9CEB8-8B4A-11D0-8D11-00A0C91BC942}") = "2. Bai105", "2. Bai105\2. Bai105.vcxproj", "{2f4ab131-feaa-498a-99e2-bf974632acea}"
EndProject
Project("{8BC9CEB8-8B4A-11D0-8D11-00A0C91BC942}") = "2. Bai106", "2. Bai106\2. Bai106.vcxproj", "{5a224814-e8b3-429d-8a65-d8f47a938c54}"
EndProject
Project("{8BC9CEB8-8B4A-11D0-8D11-00A0C91BC942}") = "2. Bai107", "2. Bai107\2. Bai107.vcxproj", "{b318ad0e-40b9-427b-9e28-ef34915bc722}"
EndProject
Project("{8BC9CEB8-8B4A-11D0-8D11-00A0C91BC942}") = "2. Bai108", "2. Bai108\2. Bai108.vcxproj", "{478515aa-5ac6-4dc2-8308-e53dae03b103}"
EndProject
Project("{8BC9CEB8-8B4A-11D0-8D11-00A0C91BC942}") = "2. Bai109", "2. Bai109\2. Bai109.vcxproj", "{4d7b298b-b36c-41ce-b563-56cb178c9946}"
EndProject
Project("{8BC9CEB8-8B4A-11D0-8D11-00A0C91BC942}") = "2. Bai110", "2. Bai110\2. Bai110.vcxproj", "{40e82e44-b6e2-4ddd-8abf-f60b1a906bac}"
EndProject
Project("{8BC9CEB8-8B4A-11D0-8D11-00A0C91BC942}") = "2. Bai111", "2. Bai111\2. Bai111.vcxproj", "{4dd52e20-8b4e-4558-a583-e709430018f3}"
EndProject
Project("{8BC9CEB8-8B4A-11D0-8D11-00A0C91BC942}") = "2. Bai112", "2. Bai112\2. Bai112.vcxproj", "{75872bf7-8953-4357-bcc5-60b15afee5eb}"
EndProject
Project("{8BC9CEB8-8B4A-11D0-8D11-00A0C91BC942}") = "2. Bai113", "2. Bai113\2. Bai113.vcxproj", "{ffad7821-bdd3-488e-b70e-e6f51192d630}"
EndProject
Project("{8BC9CEB8-8B4A-11D0-8D11-00A0C91BC942}") = "2. Bai114", "2. Bai114\2. Bai114.vcxproj", "{f7efd962-45c0-411d-98b2-6aa9439c689a}"
EndProject
Project("{8BC9CEB8-8B4A-11D0-8D11-00A0C91BC942}") = "2. Bai115", "2. Bai115\2. Bai115.vcxproj", "{692b1ef2-eacf-425f-bcde-8c8477cbc6cc}"
EndProject
Project("{8BC9CEB8-8B4A-11D0-8D11-00A0C91BC942}") = "2. Bai116", "2. Bai116\2. Bai116.vcxproj", "{6178d6ae-0780-4b39-be20-093a62a65ecc}"
EndProject
Project("{8BC9CEB8-8B4A-11D0-8D11-00A0C91BC942}") = "2. Bai117", "2. Bai117\2. Bai117.vcxproj", "{af272ce0-f0e0-4bd1-8dbc-1a583390c3da}"
EndProject
Project("{8BC9CEB8-8B4A-11D0-8D11-00A0C91BC942}") = "2. Bai118", "2. Bai118\2. Bai118.vcxproj", "{03c5f55b-2bf3-488a-b8e0-4e08e8be3c59}"
EndProject
Project("{8BC9CEB8-8B4A-11D0-8D11-00A0C91BC942}") = "2. Bai119", "2. Bai119\2. Bai119.vcxproj", "{a024716a-7045-4252-9c0c-8bdda7aea47c}"
EndProject
Project("{8BC9CEB8-8B4A-11D0-8D11-00A0C91BC942}") = "2. Bai120", "2. Bai120\2. Bai120.vcxproj", "{74bb71af-cfbd-4c00-8a56-e65bf8ea4973}"
EndProject
Project("{8BC9CEB8-8B4A-11D0-8D11-00A0C91BC942}") = "2. Bai121", "2. Bai121\2. Bai121.vcxproj", "{07e7b9f0-3588-42db-b224-96541fe2bb28}"
EndProject
Project("{8BC9CEB8-8B4A-11D0-8D11-00A0C91BC942}") = "2. Bai122", "2. Bai122\2. Bai122.vcxproj", "{8b17d391-5c3c-4260-8d84-47e4bfae05b4}"
EndProject
Project("{8BC9CEB8-8B4A-11D0-8D11-00A0C91BC942}") = "2. Bai123", "2. Bai123\2. Bai123.vcxproj", "{d10ba93c-206a-4247-a637-45e734446894}"
EndProject
Project("{8BC9CEB8-8B4A-11D0-8D11-00A0C91BC942}") = "2. Bai124", "2. Bai124\2. Bai124.vcxproj", "{fbb58b32-5b4c-452b-9799-812d2b33d2d4}"
EndProject
Project("{8BC9CEB8-8B4A-11D0-8D11-00A0C91BC942}") = "2. Bai125", "2. Bai125\2. Bai125.vcxproj", "{3c36531f-cee7-4694-8e83-383887d76d45}"
EndProject
Project("{8BC9CEB8-8B4A-11D0-8D11-00A0C91BC942}") = "2. Bai126", "2. Bai126\2. Bai126.vcxproj", "{1fd8f0ba-426b-4660-b4ec-9af33c161183}"
EndProject
Project("{8BC9CEB8-8B4A-11D0-8D11-00A0C91BC942}") = "2. Bai127", "2. Bai127\2. Bai127.vcxproj", "{d0fc4213-093d-4aeb-bd4a-034a380f63ab}"
EndProject
Project("{8BC9CEB8-8B4A-11D0-8D11-00A0C91BC942}") = "2. Bai128", "2. Bai128\2. Bai128.vcxproj", "{17fb2045-7774-4dc7-aa4d-bae95aa57a4f}"
EndProject
Project("{8BC9CEB8-8B4A-11D0-8D11-00A0C91BC942}") = "2. Bai129", "2. Bai129\2. Bai129.vcxproj", "{518e5fea-d99a-43df-aa64-ec91a0e7a47f}"
EndProject
Project("{8BC9CEB8-8B4A-11D0-8D11-00A0C91BC942}") = "2. Bai130", "2. Bai130\2. Bai130.vcxproj", "{459d7aa9-9913-4126-b61b-d8b97e7818da}"
EndProject
Project("{8BC9CEB8-8B4A-11D0-8D11-00A0C91BC942}") = "2. Bai131", "2. Bai131\2. Bai131.vcxproj", "{39818cfe-a171-471a-af61-615ce49b4c44}"
EndProject
Project("{8BC9CEB8-8B4A-11D0-8D11-00A0C91BC942}") = "2. Bai132", "2. Bai132\2. Bai132.vcxproj", "{34e34a3f-f722-4e84-85f5-8adb13c1714f}"
EndProject
Project("{8BC9CEB8-8B4A-11D0-8D11-00A0C91BC942}") = "2. Bai133", "2. Bai133\2. Bai133.vcxproj", "{1c75cacb-d895-4671-aae1-5a82e1ad7271}"
EndProject
Project("{8BC9CEB8-8B4A-11D0-8D11-00A0C91BC942}") = "2. Bai134", "2. Bai134\2. Bai134.vcxproj", "{62e3c498-bd4e-4cbd-bc0c-ab82fec9757d}"
EndProject
Project("{8BC9CEB8-8B4A-11D0-8D11-00A0C91BC942}") = "2. Bai135", "2. Bai135\2. Bai135.vcxproj", "{32184cf8-d169-44b1-a8d8-842e9a7b08c9}"
EndProject
Project("{8BC9CEB8-8B4A-11D0-8D11-00A0C91BC942}") = "2. Bai136", "2. Bai136\2. Bai136.vcxproj", "{c59414d6-0d78-4bdb-9b3b-eda75b805c24}"
EndProject
Project("{8BC9CEB8-8B4A-11D0-8D11-00A0C91BC942}") = "2. Bai137", "2. Bai137\2. Bai137.vcxproj", "{ae2862c2-c097-4990-9651-cbd2bc95e464}"
EndProject
Project("{8BC9CEB8-8B4A-11D0-8D11-00A0C91BC942}") = "2. Bai138", "2. Bai138\2. Bai138.vcxproj", "{1fd4b2f7-0fe8-4b6f-ad6c-136e7b718930}"
EndProject
Project("{8BC9CEB8-8B4A-11D0-8D11-00A0C91BC942}") = "2. Bai139", "2. Bai139\2. Bai139.vcxproj", "{f7ce7d6a-e6be-4711-b7a4-eb4ae1aba531}"
EndProject
Project("{8BC9CEB8-8B4A-11D0-8D11-00A0C91BC942}") = "2. Bai140", "2. Bai140\2. Bai140.vcxproj", "{74474eab-a2ce-4b37-80dd-12502f6d3dbc}"
EndProject
Project("{8BC9CEB8-8B4A-11D0-8D11-00A0C91BC942}") = "2. Bai141", "2. Bai141\2. Bai141.vcxproj", "{c9a9421b-2bfa-490a-9d0e-afbd5d4e7be7}"
EndProject
Project("{8BC9CEB8-8B4A-11D0-8D11-00A0C91BC942}") = "2. Bai142", "2. Bai142\2. Bai142.vcxproj", "{c2b2b624-da19-4447-aef9-0a2b94dda0ed}"
EndProject
Project("{8BC9CEB8-8B4A-11D0-8D11-00A0C91BC942}") = "2. Bai143", "2. Bai143\2. Bai143.vcxproj", "{48f8dcda-2410-45e6-95bd-9f90500225a9}"
EndProject
Project("{8BC9CEB8-8B4A-11D0-8D11-00A0C91BC942}") = "2. Bai144", "2. Bai144\2. Bai144.vcxproj", "{28303cdb-fca6-428a-ad30-2a13cf5fc39a}"
EndProject
Project("{8BC9CEB8-8B4A-11D0-8D11-00A0C91BC942}") = "2. Bai145", "2. Bai145\2. Bai145.vcxproj", "{997673ca-8cfd-4ee6-ba35-c50e655d3c10}"
EndProject
Project("{8BC9CEB8-8B4A-11D0-8D11-00A0C91BC942}") = "2. Bai146", "2. Bai146\2. Bai146.vcxproj", "{e18e1311-1c44-4ea4-805c-09e838838e65}"
EndProject
Project("{8BC9CEB8-8B4A-11D0-8D11-00A0C91BC942}") = "2. Bai147", "2. Bai147\2. Bai147.vcxproj", "{a94bfb22-fcf5-4921-9f3d-6a6acf9d9ef1}"
EndProject
Project("{8BC9CEB8-8B4A-11D0-8D11-00A0C91BC942}") = "2. Bai148", "2. Bai148\2. Bai148.vcxproj", "{9c3e38da-1baa-4c2b-b0bb-854823729306}"
EndProject
Project("{8BC9CEB8-8B4A-11D0-8D11-00A0C91BC942}") = "2. Bai149", "2. Bai149\2. Bai149.vcxproj", "{c91db746-d4b2-4d38-94d0-d78791fbf77a}"
EndProject
Project("{8BC9CEB8-8B4A-11D0-8D11-00A0C91BC942}") = "2. Bai150", "2. Bai150\2. Bai150.vcxproj", "{f99fe2d8-a304-4ce6-b0e7-0fe86c01bd64}"
EndProject
Project("{8BC9CEB8-8B4A-11D0-8D11-00A0C91BC942}") = "2. Bai151", "2. Bai151\2. Bai151.vcxproj", "{5000ef12-140e-47ac-bdb8-dfe375363e1f}"
EndProject
Project("{8BC9CEB8-8B4A-11D0-8D11-00A0C91BC942}") = "2. Bai152", "2. Bai152\2. Bai152.vcxproj", "{5271501c-832f-4df4-b75a-86316fcfc4aa}"
EndProject
Project("{8BC9CEB8-8B4A-11D0-8D11-00A0C91BC942}") = "2. Bai153", "2. Bai153\2. Bai153.vcxproj", "{834a609d-4857-426a-bc3a-bfa5e4e2dc55}"
EndProject
Project("{8BC9CEB8-8B4A-11D0-8D11-00A0C91BC942}") = "2. Bai154", "2. Bai154\2. Bai154.vcxproj", "{e9a6fe72-072d-4c28-be70-598d12b97af7}"
EndProject
Project("{8BC9CEB8-8B4A-11D0-8D11-00A0C91BC942}") = "2. Bai155", "2. Bai155\2. Bai155.vcxproj", "{b88301d5-f3c2-4eab-b48c-6781f92d830c}"
EndProject
Project("{8BC9CEB8-8B4A-11D0-8D11-00A0C91BC942}") = "2. Bai156", "2. Bai156\2. Bai156.vcxproj", "{5887a38e-8cab-45d2-851e-aa9fa5f16a74}"
EndProject
Project("{8BC9CEB8-8B4A-11D0-8D11-00A0C91BC942}") = "2. Bai157", "2. Bai157\2. Bai157.vcxproj", "{25c04f79-eee2-49b7-8328-6bb77051c425}"
EndProject
Project("{8BC9CEB8-8B4A-11D0-8D11-00A0C91BC942}") = "2. Bai158", "2. Bai158\2. Bai158.vcxproj", "{11678964-b360-490e-b2b3-787fcb7690a8}"
EndProject
Project("{8BC9CEB8-8B4A-11D0-8D11-00A0C91BC942}") = "2. Bai159", "2. Bai159\2. Bai159.vcxproj", "{5338df67-913d-4689-8ae6-a780c37c005b}"
EndProject
Project("{8BC9CEB8-8B4A-11D0-8D11-00A0C91BC942}") = "2. Bai160", "2. Bai160\2. Bai160.vcxproj", "{87f37bc7-55c3-49e6-ac16-ca408f867545}"
EndProject
Project("{8BC9CEB8-8B4A-11D0-8D11-00A0C91BC942}") = "2. Bai161", "2. Bai161\2. Bai161.vcxproj", "{23a9781c-161a-416b-b028-ed71a03e2982}"
EndProject
Project("{8BC9CEB8-8B4A-11D0-8D11-00A0C91BC942}") = "2. Bai162", "2. Bai162\2. Bai162.vcxproj", "{bf8e0e79-0759-4ec3-9814-99656af0f8c0}"
EndProject
Project("{8BC9CEB8-8B4A-11D0-8D11-00A0C91BC942}") = "2. Bai163", "2. Bai163\2. Bai163.vcxproj", "{ee9da9e2-e1ad-414f-a360-7722dd428fef}"
EndProject
Project("{8BC9CEB8-8B4A-11D0-8D11-00A0C91BC942}") = "2. Bai164", "2. Bai164\2. Bai164.vcxproj", "{bad359a3-8577-4128-bb1a-0f22ec7038bb}"
EndProject
Project("{8BC9CEB8-8B4A-11D0-8D11-00A0C91BC942}") = "2. Bai165", "2. Bai165\2. Bai165.vcxproj", "{464933f4-9ccb-45b3-8f05-4619057832d0}"
EndProject
Project("{8BC9CEB8-8B4A-11D0-8D11-00A0C91BC942}") = "2. Bai166", "2. Bai166\2. Bai166.vcxproj", "{c20eebe5-cdfb-48ab-bc59-de4c657741a4}"
EndProject
Project("{8BC9CEB8-8B4A-11D0-8D11-00A0C91BC942}") = "2. Bai167", "2. Bai167\2. Bai167.vcxproj", "{7b6dfb18-69b4-46bc-a730-1d36f261eb65}"
EndProject
Project("{8BC9CEB8-8B4A-11D0-8D11-00A0C91BC942}") = "2. Bai168", "2. Bai168\2. Bai168.vcxproj", "{8d950efc-83b9-4d97-ab69-0cdde3c10db0}"
EndProject
Project("{8BC9CEB8-8B4A-11D0-8D11-00A0C91BC942}") = "2. Bai169", "2. Bai169\2. Bai169.vcxproj", "{d2aaef00-8cd7-4825-899f-e9534df97529}"
EndProject
Project("{8BC9CEB8-8B4A-11D0-8D11-00A0C91BC942}") = "2. Bai170", "2. Bai170\2. Bai170.vcxproj", "{def40e91-a739-4a45-afb2-c49a0e921a4c}"
EndProject
Project("{8BC9CEB8-8B4A-11D0-8D11-00A0C91BC942}") = "2. Bai171", "2. Bai171\2. Bai171.vcxproj", "{3fbd0ea8-b37c-4a00-9717-dae82237801d}"
EndProject
Project("{8BC9CEB8-8B4A-11D0-8D11-00A0C91BC942}") = "2. Bai172", "2. Bai172\2. Bai172.vcxproj", "{f7756be0-d27e-439b-9f06-099d436314dc}"
EndProject
Project("{8BC9CEB8-8B4A-11D0-8D11-00A0C91BC942}") = "2. Bai173", "2. Bai173\2. Bai173.vcxproj", "{609dfb51-b655-4df0-af10-27011d5ce42a}"
EndProject
Project("{8BC9CEB8-8B4A-11D0-8D11-00A0C91BC942}") = "2. Bai174", "2. Bai174\2. Bai174.vcxproj", "{faee2f1c-0592-42ba-bfe2-b1045cb71bad}"
EndProject
Project("{8BC9CEB8-8B4A-11D0-8D11-00A0C91BC942}") = "2. Bai175", "2. Bai175\2. Bai175.vcxproj", "{f048c273-2b8e-4552-860b-74a21da6fa25}"
EndProject
Project("{8BC9CEB8-8B4A-11D0-8D11-00A0C91BC942}") = "2. Bai176", "2. Bai176\2. Bai176.vcxproj", "{96bd936f-9640-493e-99fc-9d408380ecbc}"
EndProject
Project("{8BC9CEB8-8B4A-11D0-8D11-00A0C91BC942}") = "2. Bai177", "2. Bai177\2. Bai177.vcxproj", "{12bf880a-b654-4b2d-b657-8f08709ff91d}"
EndProject
Project("{8BC9CEB8-8B4A-11D0-8D11-00A0C91BC942}") = "2. Bai178", "2. Bai178\2. Bai178.vcxproj", "{a0a311a0-2755-4a8f-b620-2267cb7028d5}"
EndProject
Project("{8BC9CEB8-8B4A-11D0-8D11-00A0C91BC942}") = "2. Bai179", "2. Bai179\2. Bai179.vcxproj", "{ba7eb0f4-7c20-45d8-93cf-2d50a1005a4b}"
EndProject
Project("{8BC9CEB8-8B4A-11D0-8D11-00A0C91BC942}") = "2. Bai180", "2. Bai180\2. Bai180.vcxproj", "{d01221fc-2252-4e8d-95b4-894a6689e19a}"
EndProject
Project("{8BC9CEB8-8B4A-11D0-8D11-00A0C91BC942}") = "2. Bai181", "2. Bai181\2. Bai181.vcxproj", "{2777e44e-3a40-4ad1-bbb0-437f3c05a079}"
EndProject
Project("{8BC9CEB8-8B4A-11D0-8D11-00A0C91BC942}") = "2. Bai182", "2. Bai182\2. Bai182.vcxproj", "{ee990bf5-a810-42d9-a0f5-c273c830fef4}"
EndProject
Project("{8BC9CEB8-8B4A-11D0-8D11-00A0C91BC942}") = "2. Bai183", "2. Bai183\2. Bai183.vcxproj", "{bad33ead-9621-4e3c-bed9-5c2dde87df17}"
EndProject
Project("{8BC9CEB8-8B4A-11D0-8D11-00A0C91BC942}") = "2. Bai184", "2. Bai184\2. Bai184.vcxproj", "{b02b83d5-ea06-4531-862f-4508219de4af}"
EndProject
Project("{8BC9CEB8-8B4A-11D0-8D11-00A0C91BC942}") = "2. Bai185", "2. Bai185\2. Bai185.vcxproj", "{eab42faa-84f0-4e16-beb7-d83a6aaadbb8}"
EndProject
Project("{8BC9CEB8-8B4A-11D0-8D11-00A0C91BC942}") = "2. Bai186", "2. Bai186\2. Bai186.vcxproj", "{7599ca1f-2e1a-4589-8819-eb096e70728e}"
EndProject
Project("{8BC9CEB8-8B4A-11D0-8D11-00A0C91BC942}") = "2. Bai187", "2. Bai187\2. Bai187.vcxproj", "{a8141486-3446-4479-9de8-d6afd685ffaa}"
EndProject
Project("{8BC9CEB8-8B4A-11D0-8D11-00A0C91BC942}") = "2. Bai188", "2. Bai188\2. Bai188.vcxproj", "{4296117d-782a-4326-bb0d-94e4578770b9}"
EndProject
Project("{8BC9CEB8-8B4A-11D0-8D11-00A0C91BC942}") = "2. Bai189", "2. Bai189\2. Bai189.vcxproj", "{7f3d2e01-bf28-40fa-a164-2796a56a1ee6}"
EndProject
Project("{8BC9CEB8-8B4A-11D0-8D11-00A0C91BC942}") = "2. Bai190", "2. Bai190\2. Bai190.vcxproj", "{9812c398-e141-4e06-8729-0ff6e5afbbbd}"
EndProject
Project("{8BC9CEB8-8B4A-11D0-8D11-00A0C91BC942}") = "2. Bai191", "2. Bai191\2. Bai191.vcxproj", "{fcdceee9-481e-4b9f-8be6-2947dbfd5f5c}"
EndProject
Project("{8BC9CEB8-8B4A-11D0-8D11-00A0C91BC942}") = "2. Bai192", "2. Bai192\2. Bai192.vcxproj", "{53613dbc-8fea-41b4-949d-334a3f4b8e1e}"
EndProject
Project("{8BC9CEB8-8B4A-11D0-8D11-00A0C91BC942}") = "2. Bai193", "2. Bai193\2. Bai193.vcxproj", "{d501048b-3514-4d12-992f-8e40c80d7606}"
EndProject
Project("{8BC9CEB8-8B4A-11D0-8D11-00A0C91BC942}") = "2. Bai194", "2. Bai194\2. Bai194.vcxproj", "{45891707-d834-4d96-b409-32046c89f193}"
EndProject
Project("{8BC9CEB8-8B4A-11D0-8D11-00A0C91BC942}") = "2. Bai195", "2. Bai195\2. Bai195.vcxproj", "{12d01524-9f0c-4d1a-8da2-a852ba905724}"
EndProject
Project("{8BC9CEB8-8B4A-11D0-8D11-00A0C91BC942}") = "2. Bai196", "2. Bai196\2. Bai196.vcxproj", "{a314e9d0-b874-4d54-81a1-e78b3f3d3b99}"
EndProject
Project("{8BC9CEB8-8B4A-11D0-8D11-00A0C91BC942}") = "2. Bai197", "2. Bai197\2. Bai197.vcxproj", "{719dba3e-88cc-4888-ba6c-5412dbc1bbde}"
EndProject
Project("{8BC9CEB8-8B4A-11D0-8D11-00A0C91BC942}") = "2. Bai198", "2. Bai198\2. Bai198.vcxproj", "{d9dc7ee5-1d9d-4549-8fcb-d0600e176abf}"
EndProject
Project("{8BC9CEB8-8B4A-11D0-8D11-00A0C91BC942}") = "2. Bai199", "2. Bai199\2. Bai199.vcxproj", "{889b2777-9d55-4fda-9dbd-dcff91746c4c}"
EndProject
Project("{8BC9CEB8-8B4A-11D0-8D11-00A0C91BC942}") = "2. Bai200", "2. Bai200\2. Bai200.vcxproj", "{0a65592b-cc98-46de-a4a8-eac5dcea7cae}"
EndProject
Project("{8BC9CEB8-8B4A-11D0-8D11-00A0C91BC942}") = "2. Bai201", "2. Bai201\2. Bai201.vcxproj", "{422b7639-a963-4e3b-a180-c0f515d2b450}"
EndProject
Project("{8BC9CEB8-8B4A-11D0-8D11-00A0C91BC942}") = "2. Bai202", "2. Bai202\2. Bai202.vcxproj", "{a2f121d1-43a9-4d1e-a450-4942010116f8}"
EndProject
Project("{8BC9CEB8-8B4A-11D0-8D11-00A0C91BC942}") = "2. Bai203", "2. Bai203\2. Bai203.vcxproj", "{04327e5a-96ac-45d4-815b-332329223617}"
EndProject
Project("{8BC9CEB8-8B4A-11D0-8D11-00A0C91BC942}") = "2. Bai204", "2. Bai204\2. Bai204.vcxproj", "{0f0c1759-84e1-443b-a1fa-1d83be051823}"
EndProject
Project("{8BC9CEB8-8B4A-11D0-8D11-00A0C91BC942}") = "2. Bai205", "2. Bai205\2. Bai205.vcxproj", "{8ff26df1-4b1e-4ebe-82b8-f9fa919d562a}"
EndProject
Project("{8BC9CEB8-8B4A-11D0-8D11-00A0C91BC942}") = "2. Bai206", "2. Bai206\2. Bai206.vcxproj", "{ffd14c23-a79c-44c6-9e55-ae5f91de05fe}"
EndProject
Project("{8BC9CEB8-8B4A-11D0-8D11-00A0C91BC942}") = "2. Bai207", "2. Bai207\2. Bai207.vcxproj", "{a7fcdaf9-895a-47b1-82e4-05b3102e3b6d}"
EndProject
Project("{8BC9CEB8-8B4A-11D0-8D11-00A0C91BC942}") = "2. Bai208", "2. Bai208\2. Bai208.vcxproj", "{47a78e2f-45c6-4fa0-b958-51f4d7f22e6d}"
EndProject
Project("{8BC9CEB8-8B4A-11D0-8D11-00A0C91BC942}") = "2. Bai209", "2. Bai209\2. Bai209.vcxproj", "{fde66a5e-f569-455f-93c7-ac32f10321b9}"
EndProject
Project("{8BC9CEB8-8B4A-11D0-8D11-00A0C91BC942}") = "2. Bai210", "2. Bai210\2. Bai210.vcxproj", "{7a06781c-0709-40a3-a484-80551e951fbd}"
EndProject
Project("{8BC9CEB8-8B4A-11D0-8D11-00A0C91BC942}") = "2. Bai211", "2. Bai211\2. Bai211.vcxproj", "{b4eca24d-cbdf-4a36-b33b-c49d67c683b9}"
EndProject
Project("{8BC9CEB8-8B4A-11D0-8D11-00A0C91BC942}") = "2. Bai212", "2. Bai212\2. Bai212.vcxproj", "{98cae6e9-9013-4fd0-9f1e-dcc27fe260a0}"
EndProject
Project("{8BC9CEB8-8B4A-11D0-8D11-00A0C91BC942}") = "2. Bai213", "2. Bai213\2. Bai213.vcxproj", "{78207cdc-ffa9-4093-94b2-f20e82cd4381}"
EndProject
Project("{8BC9CEB8-8B4A-11D0-8D11-00A0C91BC942}") = "2. Bai214", "2. Bai214\2. Bai214.vcxproj", "{1c432f96-d0b0-44a2-ab4a-dc7aa262acb2}"
EndProject
Project("{8BC9CEB8-8B4A-11D0-8D11-00A0C91BC942}") = "2. Bai215", "2. Bai215\2. Bai215.vcxproj", "{b4519f7a-9d81-4641-b23a-75c0e7579092}"
EndProject
Project("{8BC9CEB8-8B4A-11D0-8D11-00A0C91BC942}") = "2. Bai216", "2. Bai216\2. Bai216.vcxproj", "{ac1a724f-7bc7-49cd-a85b-022097014bae}"
EndProject
Project("{8BC9CEB8-8B4A-11D0-8D11-00A0C91BC942}") = "2. Bai217", "2. Bai217\2. Bai217.vcxproj", "{a45e39ab-3c86-4b81-b49f-eec4994889da}"
EndProject
Project("{8BC9CEB8-8B4A-11D0-8D11-00A0C91BC942}") = "2. Bai218", "2. Bai218\2. Bai218.vcxproj", "{22bdad79-7a25-4d93-97a7-ec836decbd3e}"
EndProject
Project("{8BC9CEB8-8B4A-11D0-8D11-00A0C91BC942}") = "2. Bai219", "2. Bai219\2. Bai219.vcxproj", "{f4252338-5a43-4fd7-8784-3ab69ad465ac}"
EndProject
Project("{8BC9CEB8-8B4A-11D0-8D11-00A0C91BC942}") = "2. Bai220", "2. Bai220\2. Bai220.vcxproj", "{14784a8f-0fc3-4fd9-b0bf-ee7594c8d303}"
EndProject
Project("{8BC9CEB8-8B4A-11D0-8D11-00A0C91BC942}") = "2. Bai221", "2. Bai221\2. Bai221.vcxproj", "{fd605697-8a0a-49f6-8f5e-7d9319bcc523}"
EndProject
Project("{8BC9CEB8-8B4A-11D0-8D11-00A0C91BC942}") = "2. Bai222", "2. Bai222\2. Bai222.vcxproj", "{9d5489c3-4224-491a-be4a-e46465a08beb}"
EndProject
Project("{8BC9CEB8-8B4A-11D0-8D11-00A0C91BC942}") = "2. Bai223", "2. Bai223\2. Bai223.vcxproj", "{e2ff9f1c-c851-47ec-ae27-dc5b2424e10a}"
EndProject
Project("{8BC9CEB8-8B4A-11D0-8D11-00A0C91BC942}") = "2. Bai224", "2. Bai224\2. Bai224.vcxproj", "{4aa0a003-a4e4-41df-926f-a06c7c9d8e3c}"
EndProject
Project("{8BC9CEB8-8B4A-11D0-8D11-00A0C91BC942}") = "2. Bai225", "2. Bai225\2. Bai225.vcxproj", "{829c836d-dec4-462a-861f-a0cb2c0b46ad}"
EndProject
Project("{8BC9CEB8-8B4A-11D0-8D11-00A0C91BC942}") = "2. Bai226", "2. Bai226\2. Bai226.vcxproj", "{93986478-8f9a-4f86-841e-60261f276a1e}"
EndProject
Project("{8BC9CEB8-8B4A-11D0-8D11-00A0C91BC942}") = "2. Bai227", "2. Bai227\2. Bai227.vcxproj", "{167e7762-e8e1-4636-9e9e-c46a3c3e1a5a}"
EndProject
Project("{8BC9CEB8-8B4A-11D0-8D11-00A0C91BC942}") = "2. Bai228", "2. Bai228\2. Bai228.vcxproj", "{f3310560-b4e5-4d3b-96df-bdaa973683cc}"
EndProject
Project("{8BC9CEB8-8B4A-11D0-8D11-00A0C91BC942}") = "2. Bai229", "2. Bai229\2. Bai229.vcxproj", "{296ed32a-64a8-4a56-a88d-c9cc1e2ef0da}"
EndProject
Project("{8BC9CEB8-8B4A-11D0-8D11-00A0C91BC942}") = "2. Bai230", "2. Bai230\2. Bai230.vcxproj", "{f17a20b8-18c9-4f0f-9e46-d48ec1d1a256}"
EndProject
Project("{8BC9CEB8-8B4A-11D0-8D11-00A0C91BC942}") = "2. Bai231", "2. Bai231\2. Bai231.vcxproj", "{748af562-5177-45ec-8914-042797758df6}"
EndProject
Project("{8BC9CEB8-8B4A-11D0-8D11-00A0C91BC942}") = "2. Bai232", "2. Bai232\2. Bai232.vcxproj", "{827e0a40-3d25-422b-b432-2e7dbaed1466}"
EndProject
Project("{8BC9CEB8-8B4A-11D0-8D11-00A0C91BC942}") = "2. Bai233", "2. Bai233\2. Bai233.vcxproj", "{27467642-3ce2-4a46-87fb-4666b5e9fc6d}"
EndProject
Project("{8BC9CEB8-8B4A-11D0-8D11-00A0C91BC942}") = "2. Bai234", "2. Bai234\2. Bai234.vcxproj", "{a122e4a1-f659-4788-80fe-0d42979565bf}"
EndProject
Project("{8BC9CEB8-8B4A-11D0-8D11-00A0C91BC942}") = "2. Bai235", "2. Bai235\2. Bai235.vcxproj", "{aa6be9df-4131-4ca7-998b-15e9f8dbd3a1}"
EndProject
Project("{8BC9CEB8-8B4A-11D0-8D11-00A0C91BC942}") = "2. Bai236", "2. Bai236\2. Bai236.vcxproj", "{28b92ef5-2b09-42a3-9efd-f6c2a2558710}"
EndProject
Project("{8BC9CEB8-8B4A-11D0-8D11-00A0C91BC942}") = "2. Bai237", "2. Bai237\2. Bai237.vcxproj", "{a483b1b3-0e11-4e22-801f-c9d1a15692f2}"
EndProject
Project("{8BC9CEB8-8B4A-11D0-8D11-00A0C91BC942}") = "2. Bai238", "2. Bai238\2. Bai238.vcxproj", "{b6a4360c-d3fa-44aa-86ea-12bd4b0cf036}"
EndProject
Project("{8BC9CEB8-8B4A-11D0-8D11-00A0C91BC942}") = "2. Bai239", "2. Bai239\2. Bai239.vcxproj", "{5c988425-d69f-459f-b884-04fa445b1a66}"
EndProject